// !$*UTF8*$!
{
	archiveVersion = 1;
	classes = {
	};
	objectVersion = 55;
	objects = {

/* Begin PBXBuildFile section */
		A10000010000000000000021 /* AppDelegate.swift in Sources */ = {isa = PBXBuildFile; fileRef = A10000010000000000000011 /* AppDelegate.swift */; };
		A10000010000000000000022 /* SceneDelegate.swift in Sources */ = {isa = PBXBuildFile; fileRef = A10000010000000000000012 /* SceneDelegate.swift */; };
		A10000010000000000000023 /* ViewController.swift in Sources */ = {isa = PBXBuildFile; fileRef = A10000010000000000000013 /* ViewController.swift */; };
		A10000010000000000000024 /* VolumeObserver.swift in Sources */ = {isa = PBXBuildFile; fileRef = A10000010000000000000014 /* VolumeObserver.swift */; };
		A10000010000000000000025 /* NetworkDiscovery.swift in Sources */ = {isa = PBXBuildFile; fileRef = A10000010000000000000015 /* NetworkDiscovery.swift */; };
		A10000010000000000000027 /* Assets.xcassets in Resources */ = {isa = PBXBuildFile; fileRef = A10000010000000000000017 /* Assets.xcassets */; };
		A10000010000000000000028 /* Web in Resources */ = {isa = PBXBuildFile; fileRef = A10000010000000000000018 /* Web */; };
/* End PBXBuildFile section */

/* Begin PBXFileReference section */
		A10000010000000000000011 /* AppDelegate.swift */ = {isa = PBXFileReference; lastKnownFileType = sourcecode.swift; path = AppDelegate.swift; sourceTree = "<group>"; };
		A10000010000000000000012 /* SceneDelegate.swift */ = {isa = PBXFileReference; lastKnownFileType = sourcecode.swift; path = SceneDelegate.swift; sourceTree = "<group>"; };
		A10000010000000000000013 /* ViewController.swift */ = {isa = PBXFileReference; lastKnownFileType = sourcecode.swift; path = ViewController.swift; sourceTree = "<group>"; };
		A10000010000000000000014 /* VolumeObserver.swift */ = {isa = PBXFileReference; lastKnownFileType = sourcecode.swift; path = VolumeObserver.swift; sourceTree = "<group>"; };
		A10000010000000000000015 /* NetworkDiscovery.swift */ = {isa = PBXFileReference; lastKnownFileType = sourcecode.swift; path = NetworkDiscovery.swift; sourceTree = "<group>"; };
		A10000010000000000000016 /* Info.plist */ = {isa = PBXFileReference; lastKnownFileType = text.plist.xml; path = Info.plist; sourceTree = "<group>"; };
		A10000010000000000000017 /* Assets.xcassets */ = {isa = PBXFileReference; lastKnownFileType = folder.assetcatalog; path = Assets.xcassets; sourceTree = "<group>"; };
		A10000010000000000000018 /* Web */ = {isa = PBXFileReference; lastKnownFileType = folder; path = Web; sourceTree = "<group>"; };
		A10000010000000000000019 /* Mousely.app */ = {isa = PBXFileReference; explicitFileType = wrapper.application; includeInIndex = 0; path = Mousely.app; sourceTree = BUILT_PRODUCTS_DIR; };
/* End PBXFileReference section */

/* Begin PBXFrameworksBuildPhase section */
		A10000010000000000000004 /* Frameworks */ = {
			isa = PBXFrameworksBuildPhase;
			buildActionMask = 2147483647;
			files = (
			);
			runOnlyForDeploymentPostprocessing = 0;
		};
/* End PBXFrameworksBuildPhase section */

/* Begin PBXGroup section */
		A10000010000000000000051 = {
			isa = PBXGroup;
			children = (
				A10000010000000000000052 /* Mousely */,
				A10000010000000000000053 /* Products */,
			);
			sourceTree = "<group>";
		};
		A10000010000000000000052 /* Mousely */ = {
			isa = PBXGroup;
			children = (
				A10000010000000000000011 /* AppDelegate.swift */,
				A10000010000000000000012 /* SceneDelegate.swift */,
				A10000010000000000000013 /* ViewController.swift */,
				A10000010000000000000014 /* VolumeObserver.swift */,
				A10000010000000000000015 /* NetworkDiscovery.swift */,
				A10000010000000000000016 /* Info.plist */,
				A10000010000000000000017 /* Assets.xcassets */,
				A10000010000000000000018 /* Web */,
			);
			path = Mousely;
			sourceTree = "<group>";
		};
		A10000010000000000000053 /* Products */ = {
			isa = PBXGroup;
			children = (
				A10000010000000000000019 /* Mousely.app */,
			);
			name = Products;
			sourceTree = "<group>";
		};
/* End PBXGroup section */

/* Begin PBXNativeTarget section */
		A10000010000000000000002 /* Mousely */ = {
			isa = PBXNativeTarget;
			buildConfigurationList = A10000010000000000000042 /* Build configuration list for PBXNativeTarget "Mousely" */;
			buildPhases = (
				A10000010000000000000003 /* Sources */,
				A10000010000000000000004 /* Frameworks */,
				A10000010000000000000005 /* Resources */,
			);
			buildRules = (
			);
			dependencies = (
			);
			name = Mousely;
			productName = Mousely;
			productReference = A10000010000000000000019 /* Mousely.app */;
			productType = "com.apple.product-type.application";
		};
/* End PBXNativeTarget section */

/* Begin PBXProject section */
		A10000010000000000000001 /* Project object */ = {
			isa = PBXProject;
			attributes = {
				BuildIndependentTargetsInParallel = 1;
				LastSwiftUpdateCheck = 1500;
				LastUpgradeCheck = 1500;
				TargetAttributes = {
					A10000010000000000000002 = {
						CreatedOnToolsVersion = 15.0;
					};
				};
			};
			buildConfigurationList = A10000010000000000000041 /* Build configuration list for PBXProject "Mousely" */;
			compatibilityVersion = "Xcode 14.0";
			developmentRegion = en;
			hasScannedForEncodings = 0;
			knownRegions = (
				en,
				Base,
			);
			mainGroup = A10000010000000000000051;
			productRefGroup = A10000010000000000000053 /* Products */;
			projectDirPath = "";
			projectRoot = "";
			targets = (
				A10000010000000000000002 /* Mousely */,
			);
		};
/* End PBXProject section */

/* Begin PBXResourcesBuildPhase section */
		A10000010000000000000005 /* Resources */ = {
			isa = PBXResourcesBuildPhase;
			buildActionMask = 2147483647;
			files = (
				A10000010000000000000027 /* Assets.xcassets in Resources */,
				A10000010000000000000028 /* Web in Resources */,
			);
			runOnlyForDeploymentPostprocessing = 0;
		};
/* End PBXResourcesBuildPhase section */

/* Begin PBXSourcesBuildPhase section */
		A10000010000000000000003 /* Sources */ = {
			isa = PBXSourcesBuildPhase;
			buildActionMask = 2147483647;
			files = (
				A10000010000000000000021 /* AppDelegate.swift in Sources */,
				A10000010000000000000022 /* SceneDelegate.swift in Sources */,
				A10000010000000000000023 /* ViewController.swift in Sources */,
				A10000010000000000000024 /* VolumeObserver.swift in Sources */,
				A10000010000000000000025 /* NetworkDiscovery.swift in Sources */,
			);
			runOnlyForDeploymentPostprocessing = 0;
		};
/* End PBXSourcesBuildPhase section */

/* Begin XCBuildConfiguration section */
		A10000010000000000000031 /* Debug */ = {
			isa = XCBuildConfiguration;
			buildSettings = {
				ALWAYS_SEARCH_USER_PATHS = NO;
				CLANG_ANALYZER_NONNULL = YES;
				CLANG_CXX_LANGUAGE_STANDARD = "gnu++20";
				CLANG_ENABLE_MODULES = YES;
				CLANG_ENABLE_OBJC_ARC = YES;
				COPY_PHASE_STRIP = NO;
				DEBUG_INFORMATION_FORMAT = dwarf;
				ENABLE_STRICT_OBJC_MSGSEND = YES;
				ENABLE_TESTABILITY = YES;
				GCC_DYNAMIC_NO_PIC = NO;
				GCC_NO_COMMON_BLOCKS = YES;
				GCC_OPTIMIZATION_LEVEL = 0;
				GCC_PREPROCESSOR_DEFINITIONS = (
					"DEBUG=1",
					"$(inherited)",
				);
				IPHONEOS_DEPLOYMENT_TARGET = 15.0;
				MTL_ENABLE_DEBUG_INFO = INCLUDE_SOURCE;
				ONLY_ACTIVE_ARCH = YES;
				SDKROOT = iphoneos;
				SWIFT_ACTIVE_COMPILATION_CONDITIONS = DEBUG;
				SWIFT_OPTIMIZATION_LEVEL = "-Onone";
			};
			name = Debug;
		};
		A10000010000000000000032 /* Release */ = {
			isa = XCBuildConfiguration;
			buildSettings = {
				ALWAYS_SEARCH_USER_PATHS = NO;
				CLANG_ANALYZER_NONNULL = YES;
				CLANG_CXX_LANGUAGE_STANDARD = "gnu++20";
				CLANG_ENABLE_MODULES = YES;
				CLANG_ENABLE_OBJC_ARC = YES;
				COPY_PHASE_STRIP = NO;
				DEBUG_INFORMATION_FORMAT = "dwarf-with-dsym";
				ENABLE_NS_ASSERTIONS = NO;
				ENABLE_STRICT_OBJC_MSGSEND = YES;
				GCC_NO_COMMON_BLOCKS = YES;
				IPHONEOS_DEPLOYMENT_TARGET = 15.0;
				MTL_ENABLE_DEBUG_INFO = NO;
				SDKROOT = iphoneos;
				SWIFT_COMPILATION_MODE = wholemodule;
				SWIFT_OPTIMIZATION_LEVEL = "-O";
				VALIDATE_PRODUCT = YES;
			};
			name = Release;
		};
		A10000010000000000000033 /* Debug */ = {
			isa = XCBuildConfiguration;
			buildSettings = {
				ASSETCATALOG_COMPILER_APPICON_NAME = AppIcon;
				ASSETCATALOG_COMPILER_GLOBAL_ACCENT_COLOR_NAME = AccentColor;
				CODE_SIGNING_ALLOWED = NO;
				CODE_SIGNING_REQUIRED = NO;
				CODE_SIGN_IDENTITY = "";
				DEVELOPMENT_TEAM = "";
				GENERATE_INFOPLIST_FILE = NO;
				INFOPLIST_FILE = Mousely/Info.plist;
				IPHONEOS_DEPLOYMENT_TARGET = 15.0;
				LD_RUNPATH_SEARCH_PATHS = (
					"$(inherited)",
					"@executable_path/Frameworks",
				);
				PRODUCT_BUNDLE_IDENTIFIER = com.mousely.remote;
				PRODUCT_NAME = "$(TARGET_NAME)";
				SWIFT_EMIT_LOC_STRINGS = YES;
				SWIFT_VERSION = 5.0;
				TARGETED_DEVICE_FAMILY = "1";
			};
			name = Debug;
		};
		A10000010000000000000034 /* Release */ = {
			isa = XCBuildConfiguration;
			buildSettings = {
				ASSETCATALOG_COMPILER_APPICON_NAME = AppIcon;
				ASSETCATALOG_COMPILER_GLOBAL_ACCENT_COLOR_NAME = AccentColor;
				CODE_SIGNING_ALLOWED = NO;
				CODE_SIGNING_REQUIRED = NO;
				CODE_SIGN_IDENTITY = "";
				DEVELOPMENT_TEAM = "";
				GENERATE_INFOPLIST_FILE = NO;
				INFOPLIST_FILE = Mousely/Info.plist;
				IPHONEOS_DEPLOYMENT_TARGET = 15.0;
				LD_RUNPATH_SEARCH_PATHS = (
					"$(inherited)",
					"@executable_path/Frameworks",
				);
				PRODUCT_BUNDLE_IDENTIFIER = com.mousely.remote;
				PRODUCT_NAME = "$(TARGET_NAME)";
				SWIFT_EMIT_LOC_STRINGS = YES;
				SWIFT_VERSION = 5.0;
				TARGETED_DEVICE_FAMILY = "1";
			};
			name = Release;
		};
/* End XCBuildConfiguration section */

/* Begin XCConfigurationList section */
		A10000010000000000000041 /* Build configuration list for PBXProject "Mousely" */ = {
			isa = XCConfigurationList;
			buildConfigurations = (
				A10000010000000000000031 /* Debug */,
				A10000010000000000000032 /* Release */,
			);
			defaultConfigurationIsVisible = 0;
			defaultConfigurationName = Release;
		};
		A10000010000000000000042 /* Build configuration list for PBXNativeTarget "Mousely" */ = {
			isa = XCConfigurationList;
			buildConfigurations = (
				A10000010000000000000033 /* Debug */,
				A10000010000000000000034 /* Release */,
			);
			defaultConfigurationIsVisible = 0;
			defaultConfigurationName = Release;
		};
/* End XCConfigurationList section */

	};
	rootObject = A10000010000000000000001 /* Project object */;
}
